{
  "version": "2",
  "remote": {
    "https://deno.land/std@0.106.0/encoding/base64.ts": "eecae390f1f1d1cae6f6c6d732ede5276bf4b9cd29b1d281678c054dc5cc009e",
    "https://deno.land/std@0.106.0/path/_constants.ts": "1247fee4a79b70c89f23499691ef169b41b6ccf01887a0abd131009c5581b853",
    "https://deno.land/std@0.106.0/path/_interface.ts": "1fa73b02aaa24867e481a48492b44f2598cd9dfa513c7b34001437007d3642e4",
    "https://deno.land/std@0.106.0/path/_util.ts": "2e06a3b9e79beaf62687196bd4b60a4c391d862cfa007a20fc3a39f778ba073b",
    "https://deno.land/std@0.106.0/path/posix.ts": "b81974c768d298f8dcd2c720229639b3803ca4a241fa9a355c762fa2bc5ef0c1",
    "https://deno.land/std@0.134.0/_util/assert.ts": "e94f2eb37cebd7f199952e242c77654e43333c1ac4c5c700e929ea3aa5489f74",
    "https://deno.land/std@0.134.0/_util/os.ts": "49b92edea1e82ba295ec946de8ffd956ed123e2948d9bd1d3e901b04e4307617",
    "https://deno.land/std@0.134.0/async/abortable.ts": "87aa7230be8360c24ad437212311c9e8d4328854baec27b4c7abb26e85515c06",
    "https://deno.land/std@0.134.0/async/deadline.ts": "48ac998d7564969f3e6ec6b6f9bf0217ebd00239b1b2292feba61272d5dd58d0",
    "https://deno.land/std@0.134.0/async/debounce.ts": "564273ef242bcfcda19a439132f940db8694173abffc159ea34f07d18fc42620",
    "https://deno.land/std@0.134.0/async/deferred.ts": "bc18e28108252c9f67dfca2bbc4587c3cbf3aeb6e155f8c864ca8ecff992b98a",
    "https://deno.land/std@0.134.0/async/delay.ts": "cbbdf1c87d1aed8edc7bae13592fb3e27e3106e0748f089c263390d4f49e5f6c",
    "https://deno.land/std@0.134.0/async/mod.ts": "2240c6841157738414331f47dee09bb8c0482c5b1980b6e3234dd03515c8132f",
    "https://deno.land/std@0.134.0/async/mux_async_iterator.ts": "f4d1d259b0c694d381770ddaaa4b799a94843eba80c17f4a2ec2949168e52d1e",
    "https://deno.land/std@0.134.0/async/pool.ts": "97b0dd27c69544e374df857a40902e74e39532f226005543eabacb551e277082",
    "https://deno.land/std@0.134.0/async/tee.ts": "1341feb1f5b1a96f8628d0f8fc07d8c43d3813423f18a63bf1b4785568d21b1f",
    "https://deno.land/std@0.134.0/http/server.ts": "10c3a7814666cdbabd6f9c18acdcc4593e222275a628280a4868881445fbb5bc",
    "https://deno.land/std@0.134.0/path/_constants.ts": "df1db3ffa6dd6d1252cc9617e5d72165cd2483df90e93833e13580687b6083c3",
    "https://deno.land/std@0.134.0/path/_interface.ts": "ee3b431a336b80cf445441109d089b70d87d5e248f4f90ff906820889ecf8d09",
    "https://deno.land/std@0.134.0/path/_util.ts": "c1e9686d0164e29f7d880b2158971d805b6e0efc3110d0b3e24e4b8af2190d2b",
    "https://deno.land/std@0.134.0/path/common.ts": "bee563630abd2d97f99d83c96c2fa0cca7cee103e8cb4e7699ec4d5db7bd2633",
    "https://deno.land/std@0.134.0/path/glob.ts": "cb5255638de1048973c3e69e420c77dc04f75755524cb3b2e160fe9277d939ee",
    "https://deno.land/std@0.134.0/path/mod.ts": "4275129bb766f0e475ecc5246aa35689eeade419d72a48355203f31802640be7",
    "https://deno.land/std@0.134.0/path/posix.ts": "663e4a6fe30a145f56aa41a22d95114c4c5582d8b57d2d7c9ed27ad2c47636bb",
    "https://deno.land/std@0.134.0/path/separator.ts": "fe1816cb765a8068afb3e8f13ad272351c85cbc739af56dacfc7d93d710fe0f9",
    "https://deno.land/std@0.134.0/path/win32.ts": "e7bdf63e8d9982b4d8a01ef5689425c93310ece950e517476e22af10f41a136e",
    "https://deno.land/std@0.193.0/_util/asserts.ts": "178dfc49a464aee693a7e285567b3d0b555dc805ff490505a8aae34f9cfb1462",
    "https://deno.land/std@0.193.0/_util/os.ts": "d932f56d41e4f6a6093d56044e29ce637f8dcc43c5a90af43504a889cf1775e3",
    "https://deno.land/std@0.193.0/fmt/colors.ts": "d67e3cd9f472535241a8e410d33423980bec45047e343577554d3356e1f0ef4e",
    "https://deno.land/std@0.193.0/path/_constants.ts": "e49961f6f4f48039c0dfed3c3f93e963ca3d92791c9d478ac5b43183413136e0",
    "https://deno.land/std@0.193.0/path/_interface.ts": "6471159dfbbc357e03882c2266d21ef9afdb1e4aa771b0545e90db58a0ba314b",
    "https://deno.land/std@0.193.0/path/_util.ts": "d7abb1e0dea065f427b89156e28cdeb32b045870acdf865833ba808a73b576d0",
    "https://deno.land/std@0.193.0/path/common.ts": "ee7505ab01fd22de3963b64e46cff31f40de34f9f8de1fff6a1bd2fe79380000",
    "https://deno.land/std@0.193.0/path/glob.ts": "d479e0a695621c94d3fd7fe7abd4f9499caf32a8de13f25073451c6ef420a4e1",
    "https://deno.land/std@0.193.0/path/mod.ts": "f065032a7189404fdac3ad1a1551a9ac84751d2f25c431e101787846c86c79ef",
    "https://deno.land/std@0.193.0/path/posix.ts": "8b7c67ac338714b30c816079303d0285dd24af6b284f7ad63da5b27372a2c94d",
    "https://deno.land/std@0.193.0/path/separator.ts": "0fb679739d0d1d7bf45b68dacfb4ec7563597a902edbaf3c59b50d5bcadd93b1",
    "https://deno.land/std@0.193.0/path/win32.ts": "d186344e5583bcbf8b18af416d13d82b35a317116e6460a5a3953508c3de5bba",
    "https://deno.land/std@0.193.0/testing/_diff.ts": "1a3c044aedf77647d6cac86b798c6417603361b66b54c53331b312caeb447aea",
    "https://deno.land/std@0.193.0/testing/_format.ts": "a69126e8a469009adf4cf2a50af889aca364c349797e63174884a52ff75cf4c7",
    "https://deno.land/std@0.193.0/testing/asserts.ts": "056d571baaefc7f13af3e29ad6a66d4dbe5355d3cb2ae130e7d2a1b1e01085e3",
    "https://deno.land/std@0.91.0/_util/assert.ts": "2f868145a042a11d5ad0a3c748dcf580add8a0dbc0e876eaa0026303a5488f58",
    "https://deno.land/std@0.91.0/_util/os.ts": "e282950a0eaa96760c0cf11e7463e66babd15ec9157d4c9ed49cc0925686f6a7",
    "https://deno.land/std@0.91.0/bytes/mod.ts": "1ae1ccfe98c4b979f12b015982c7444f81fcb921bea7aa215bf37d84f46e1e13",
    "https://deno.land/std@0.91.0/encoding/_yaml/dumper/dumper.ts": "0263c52af22198d72afad43fcf83007b2b586e4ce1cb6516d93c9d190a1add56",
    "https://deno.land/std@0.91.0/encoding/_yaml/dumper/dumper_state.ts": "c891f455f5724ec0ead1b970245e757da56e834bafee56ca5caba94d4ee4ecab",
    "https://deno.land/std@0.91.0/encoding/_yaml/error.ts": "37127caf2a57a58ed1f4761d1786f341b8169b81cddd8143ee707c5ae8381ed1",
    "https://deno.land/std@0.91.0/encoding/_yaml/loader/loader.ts": "3dec6bf72a2e28dc25fbb3a9d4c3fe2fbce5afb8e609f98775240ceb39df2fa0",
    "https://deno.land/std@0.91.0/encoding/_yaml/loader/loader_state.ts": "b419c93cd239241a0b0cd15d6f7e641e8e8259f92786e98180c62a37c1f4f2c8",
    "https://deno.land/std@0.91.0/encoding/_yaml/mark.ts": "bea6f1b15a2398541a7b98224cedfdad0b5070a6091d2a64f6f1a7f9552f45d9",
    "https://deno.land/std@0.91.0/encoding/_yaml/parse.ts": "760d72477e4a9427a44a05cbfdfd36c49e016e03d4d5d5e85291222472d67c26",
    "https://deno.land/std@0.91.0/encoding/_yaml/schema.ts": "f455506cfdb6a9b43b1392afebc8bf47f9e07b87f1d892a2bc7aa4bf27b879c4",
    "https://deno.land/std@0.91.0/encoding/_yaml/schema/core.ts": "60bc5880ae4bf8a856b7376b4f573688d018207c7095c4e3b7f6f78fb566fb96",
    "https://deno.land/std@0.91.0/encoding/_yaml/schema/default.ts": "aa3191b304e78237511b30eccc0c02fe1e6138de08d63ce79243dff57eefaa3a",
    "https://deno.land/std@0.91.0/encoding/_yaml/schema/extended.ts": "838bb2f31fcf5364b8c5d58f8d0e421aaa7b5dcc6ead0e7ed45a70026ea18683",
    "https://deno.land/std@0.91.0/encoding/_yaml/schema/failsafe.ts": "99b32bbdf1f1d1a9f89412a3047b240df3910348bada9b6addb3d32e45707421",
    "https://deno.land/std@0.91.0/encoding/_yaml/schema/json.ts": "46cb110cf78c5eb1ea1cb3a022d9785c16346758c5fd796445625e3eba5e397c",
    "https://deno.land/std@0.91.0/encoding/_yaml/schema/mod.ts": "887883e91e15d85687a810dbd2337c91f6bc24cc89fa8d487e5fbb0851fc9d32",
    "https://deno.land/std@0.91.0/encoding/_yaml/state.ts": "b4c16a80245ccbf46e5d7e537686216fb178e6e17465edaad52dcc46ca061bc0",
    "https://deno.land/std@0.91.0/encoding/_yaml/stringify.ts": "7ffd3226730f8d29efab367e99ac772a254c59277bb6214fc9eb669a99be6b2b",
    "https://deno.land/std@0.91.0/encoding/_yaml/type.ts": "c8035db697dcbad50d3d714aab71f932f024067ce443475882ee14e721237f33",
    "https://deno.land/std@0.91.0/encoding/_yaml/type/binary.ts": "3a36eb85f774524644abad3167c14591d0e2c327cfcf3f29ea761e2ebd7bbc5c",
    "https://deno.land/std@0.91.0/encoding/_yaml/type/bool.ts": "9d98f676db1004a096f484d3cffc3d6647edc1b1dcb36a6763d4058aa7c8d7ff",
    "https://deno.land/std@0.91.0/encoding/_yaml/type/float.ts": "8523e91d7e0e776cd28a7505883b707342d02f167cf2f70cbad907086f8070d1",
    "https://deno.land/std@0.91.0/encoding/_yaml/type/function.ts": "ad3155be2625ca307dbee377b00a4d2544f4bdfc70606cd6d9880d20b222e665",
    "https://deno.land/std@0.91.0/encoding/_yaml/type/int.ts": "ddd0b4dceaf4004f0d186832430fe622f14c576e8fc1847d8700c9962bd0b224",
    "https://deno.land/std@0.91.0/encoding/_yaml/type/map.ts": "1a6adda80abb559d194c2a6c921d77d1663efc528c3436eac30b6c865999cbf2",
    "https://deno.land/std@0.91.0/encoding/_yaml/type/merge.ts": "d72e0676455ab82a08ed67bbaec26911730d355600477b339918cc714a9404d2",
    "https://deno.land/std@0.91.0/encoding/_yaml/type/mod.ts": "9e93a15efbe9b2d98ec55d782913d8d263d4bfb2c8df89a59b39ac7a46e421de",
    "https://deno.land/std@0.91.0/encoding/_yaml/type/nil.ts": "93a6a43ed4cd82aeedf8866a436d050476ed8bf0c92bf77c5b762f146e634578",
    "https://deno.land/std@0.91.0/encoding/_yaml/type/omap.ts": "f9059576c95bce96906d9507245d0cb9539b96ec9653981879c4d2d217567e2e",
    "https://deno.land/std@0.91.0/encoding/_yaml/type/pairs.ts": "a50dcd677afaaed51a0629c5bde12b1632a7532e03611ef674e034b4140e0940",
    "https://deno.land/std@0.91.0/encoding/_yaml/type/regexp.ts": "e571f0888d7cceaa8056293be0914789bdd0eedd4372f4b532da395c6e5db4fa",
    "https://deno.land/std@0.91.0/encoding/_yaml/type/seq.ts": "50f1dbf35c2858c6e91b88964bc94836bea50da90a88b4df7814a1319bce921d",
    "https://deno.land/std@0.91.0/encoding/_yaml/type/set.ts": "2c9f20b540bd0f3af6264d79c2edf7ffbfc35a4c158fa479361dc579383e5fdf",
    "https://deno.land/std@0.91.0/encoding/_yaml/type/str.ts": "c24c0d7eaba943f2a30f827120be280ccf3fe903ebd31d5beb229965afd582b7",
    "https://deno.land/std@0.91.0/encoding/_yaml/type/timestamp.ts": "4e7221a8e2eafc818bd5b41ccf0636656044a9ca4892fa5763f45cb1733701fa",
    "https://deno.land/std@0.91.0/encoding/_yaml/type/undefined.ts": "bc774444b3a8d9b36cf8c032492584a629597b54cf34b791ed0280de9332296e",
    "https://deno.land/std@0.91.0/encoding/_yaml/utils.ts": "2c01dc0321ca969b208e244fa278f29ba7a5fdda2fba73b0f48dea99a4deb91b",
    "https://deno.land/std@0.91.0/encoding/yaml.ts": "4989e7fe0be3813f79214a2c0039b71398e8bb61d5667f0d60236e240754ebd3",
    "https://deno.land/std@0.91.0/flags/mod.ts": "0994240ad009980e46bc3bb1314e9469c7241617e4345b27afc82097fdbef841",
    "https://deno.land/std@0.91.0/fs/_util.ts": "f2ce811350236ea8c28450ed822a5f42a0892316515b1cd61321dec13569c56b",
    "https://deno.land/std@0.91.0/fs/copy.ts": "acc21e2569c92e715be48f40665a299cb995a4dce04145c3dd624791b885114c",
    "https://deno.land/std@0.91.0/fs/empty_dir.ts": "2edd70ff6405e1893e781a82aec8c574dfc748a7bb9d9ce8f0abdf002cdbba3f",
    "https://deno.land/std@0.91.0/fs/ensure_dir.ts": "f21262e788a707aaa2dd22064da7cd40e3b2f0f067e9b2aed1b288091170cc05",
    "https://deno.land/std@0.91.0/fs/ensure_file.ts": "84c7cff81ecedef3969e3fcd2d0c2aecd9bafea246cd18847deba7a54126134f",
    "https://deno.land/std@0.91.0/fs/ensure_link.ts": "e48abe5bf639389ee6f42bb8bdd8b7b2a4c93701cd618b12cdcad83ccea44f2e",
    "https://deno.land/std@0.91.0/fs/ensure_symlink.ts": "cbb2c908135808c0545c6304046b6ab5c024b0bb1832e69c819b58d9feee66ef",
    "https://deno.land/std@0.91.0/fs/eol.ts": "afaebaaac36f48c423b920c836551997715672b80a0fee9aa7667c181a94f2df",
    "https://deno.land/std@0.91.0/fs/exists.ts": "b0d2e31654819cc2a8d37df45d6b14686c0cc1d802e9ff09e902a63e98b85a00",
    "https://deno.land/std@0.91.0/fs/expand_glob.ts": "b5a8fcadf40eb7b034a1f807349cbace0ddb28c4e5a6b6aaf2d8ca925ba02f9f",
    "https://deno.land/std@0.91.0/fs/mod.ts": "26eee4b52a8c516e37d464094b080ff6822883e7f01ff0ba0a72b8dcd54b9927",
    "https://deno.land/std@0.91.0/fs/move.ts": "36697916a5cf2ebc7d298089a9a3ccc6b3af1eaecc173e57a9f5eb10f1f04221",
    "https://deno.land/std@0.91.0/fs/walk.ts": "8d37f2164a7397668842a7cb5d53b9e7bcd216462623b1b96abe519f76d7f8b9",
    "https://deno.land/std@0.91.0/io/bufio.ts": "60d292248c8b32b3d8d13a4336b0c381b2dce5b9c9b50a4930205dea87eaf456",
    "https://deno.land/std@0.91.0/io/ioutil.ts": "275fa440494df9b4b3aa656301ced2eeac533feec128b3a39b2b40f4cd957e42",
    "https://deno.land/std@0.91.0/io/mod.ts": "d57aca2ae617eb5bef2e9c0d7373161c9cbcbd517b9a9196786419ea9503f80b",
    "https://deno.land/std@0.91.0/io/readers.ts": "7418b3aca64b354bab024f59ec515e2a0a05c615a717c6f0dc4476d98c4b32b3",
    "https://deno.land/std@0.91.0/io/streams.ts": "bc2a0856aca6e34d2ce38c221f99ded80f323abcff7e32a2eed558b75b6b7adf",
    "https://deno.land/std@0.91.0/io/writers.ts": "5453864be11da42dc91f19eb14c0a0e27e9e7f21f5c7174f5419921a6ab64fda",
    "https://deno.land/std@0.91.0/path/_constants.ts": "1247fee4a79b70c89f23499691ef169b41b6ccf01887a0abd131009c5581b853",
    "https://deno.land/std@0.91.0/path/_interface.ts": "1fa73b02aaa24867e481a48492b44f2598cd9dfa513c7b34001437007d3642e4",
    "https://deno.land/std@0.91.0/path/_util.ts": "2e06a3b9e79beaf62687196bd4b60a4c391d862cfa007a20fc3a39f778ba073b",
    "https://deno.land/std@0.91.0/path/common.ts": "eaf03d08b569e8a87e674e4e265e099f237472b6fd135b3cbeae5827035ea14a",
    "https://deno.land/std@0.91.0/path/glob.ts": "4a524c1c9da3e79a9fdabdc6e850cd9e41bdf31e442856ffa19c5b123268ca95",
    "https://deno.land/std@0.91.0/path/mod.ts": "4465dc494f271b02569edbb4a18d727063b5dbd6ed84283ff906260970a15d12",
    "https://deno.land/std@0.91.0/path/posix.ts": "f56c3c99feb47f30a40ce9d252ef6f00296fa7c0fcb6dd81211bdb3b8b99ca3b",
    "https://deno.land/std@0.91.0/path/separator.ts": "8fdcf289b1b76fd726a508f57d3370ca029ae6976fcde5044007f062e643ff1c",
    "https://deno.land/std@0.91.0/path/win32.ts": "77f7b3604e0de40f3a7c698e8a79e7f601dc187035a1c21cb1e596666ce112f8",
    "https://deno.land/x/canvas@v1.3.0/deps.ts": "4e53eeff83f3c0cb6eb4a367b5e05e5a4ff2b54fa04e7b99d573293713478c4f",
    "https://deno.land/x/canvas@v1.3.0/mod.ts": "5e4921dfb2380ec64c80e5565785880ee52505eec46383853f57d4043ded2c35",
    "https://deno.land/x/canvas@v1.3.0/src/base64.ts": "9988cf5d4164131d3db41206b09b4922bad76d5b93daa331d4dcfccfb01dd180",
    "https://deno.land/x/canvas@v1.3.0/src/canvas.ts": "099c18d03af9530d7226371c69e75e9c750bdd47d4078bae4d57e4526a002ce8",
    "https://deno.land/x/canvas@v1.3.0/src/canvaskit.ts": "75e60e57c16c0b0d26c53c776113d48463e7c32c928e9a0210814179d52dea39",
    "https://deno.land/x/canvas@v1.3.0/src/color_util.ts": "0d23dfe8dbf81778cee18bdcbdfb47c5eae9fc21561a058c1a91b7cd4c572d36",
    "https://deno.land/x/canvas@v1.3.0/src/lib.js": "4087250865482fd247de3ecee2dc418fd9ef9056e999d58525af64110d33fa61",
    "https://deno.land/x/canvas@v1.3.0/src/types.ts": "cb7458e521cb60000d804b07065d1ae83958e2989795947a95a060d0bb66f158",
    "https://deno.land/x/canvas@v1.3.0/src/wasm.js": "c20bef6b9306060522f7fe894d13858a0219a99efbae532ca8a79ebec52de7c9",
    "https://deno.land/x/culori@v2.0.3/_prepare.js": "4f1f07acef6a062ea668b82d0a782acb9d97ef6b70bbf2df770d455102c5f2b8",
    "https://deno.land/x/culori@v2.0.3/a98/convertA98ToXyz65.js": "ea87229f47775fc5bc375666cff061680617e24f233de87277e96ee098141acc",
    "https://deno.land/x/culori@v2.0.3/a98/convertXyz65ToA98.js": "d59894781f3d455cb1ee8d4e6730cd701e04d2ee93c12dc9d7e85ff9b918e600",
    "https://deno.land/x/culori@v2.0.3/a98/definition.js": "d90a852b54146517366f7da999e654eb92543042cf0df08ff13fad419eb046de",
    "https://deno.land/x/culori@v2.0.3/average.js": "a99e40c521a6d0254b6804242d9e9c99586be6d3737a1e5d5ae979b889a99e8e",
    "https://deno.land/x/culori@v2.0.3/blend.js": "a79ead601964047a56c91fe3bfd679a56b43c632b8124560440ca989361e0e3a",
    "https://deno.land/x/culori@v2.0.3/clamp.js": "4df6bd3cf7050ccd9312eec3dec6a1505708603f5d9638b7df1d3a6655eb1a05",
    "https://deno.land/x/culori@v2.0.3/colors/named.js": "f5f0679f4a7f0498ef15c169ad1569036e564904d922ee0dcb51f3e96d5201fb",
    "https://deno.land/x/culori@v2.0.3/converter.js": "155bb48a514c4250325136e30472abb7231e25f23dbfff2ee79750dd03e9b810",
    "https://deno.land/x/culori@v2.0.3/cubehelix/constants.js": "ada810f3101dab7e2c3e44afcaf894b3a0dc10a0358625ad39a62234608b9907",
    "https://deno.land/x/culori@v2.0.3/cubehelix/convertCubehelixToRgb.js": "0a1948ba898daf6d10078e65036f52af4c73e2dc874c5682dfa6e49edbefea74",
    "https://deno.land/x/culori@v2.0.3/cubehelix/convertRgbToCubehelix.js": "6752e1635ab0212260f217c0f1dcc30a71793182886f7d3a7b2221cb0e7539ac",
    "https://deno.land/x/culori@v2.0.3/cubehelix/definition.js": "f63c2c8c2c26b2a8526338680629bb98ebbdfad4d38af4105b9a2ce049f3d7aa",
    "https://deno.land/x/culori@v2.0.3/deficiency.js": "a63cc8b008221cfd2fc052b91cef083d16642fb09b4f66aa1b8459f501e2e66a",
    "https://deno.land/x/culori@v2.0.3/difference.js": "92d4381919b976233517d66762b947be4449a8afa3c7fb77fbd55a48fc06fbff",
    "https://deno.land/x/culori@v2.0.3/displayable.js": "7ec5e6649b972971eab262b89aa16ddd1e76aeced8b78c14335fadd5548e9464",
    "https://deno.land/x/culori@v2.0.3/dlab/definition.js": "9f27928abf4ec1bb7cc0409d1215b7ef6a11261aa24c645b7ff98ad67a278522",
    "https://deno.land/x/culori@v2.0.3/dlch/constants.js": "dbcb5bd6f0da42f25e3e1add832bda7edd49cb87be091472cc85f7d49e05c870",
    "https://deno.land/x/culori@v2.0.3/dlch/convertDlchToLab65.js": "f3feece90a516d964f37bd02fad314507cf7ca0088e0305dfa5847b6e4178c9b",
    "https://deno.land/x/culori@v2.0.3/dlch/convertLab65ToDlch.js": "6b383f1cacbeef3e23c4f646f1b84a847d2eb2978351b2693f60ff3e09b5a96e",
    "https://deno.land/x/culori@v2.0.3/dlch/definition.js": "79f943104870d3a9f31c6344dd97c8a28e52d3b61e9748a5676b423a8cd8c237",
    "https://deno.land/x/culori@v2.0.3/easing/gamma.js": "266735ba307928515eba524528f421520eb406447e58439a37d9918fa23ccca0",
    "https://deno.land/x/culori@v2.0.3/easing/inOutSine.js": "c731e526e3ff5b830125db7276ee878804e1172b28240f41d5bdf44d8a1e1603",
    "https://deno.land/x/culori@v2.0.3/easing/midpoint.js": "0930d21a46b12835618d39fc5fb657659a17e3277893a5ba17f8e6c076eccc05",
    "https://deno.land/x/culori@v2.0.3/easing/smootherstep.js": "99edcfa4764748695722f0663852df0ac2fcd324228ae9b8e1dd4f0b2e70bf4d",
    "https://deno.land/x/culori@v2.0.3/easing/smoothstep.js": "401e12905e0d25fdd59f6fa8512884b503f571a2590bd40a1208c3a8e5477278",
    "https://deno.land/x/culori@v2.0.3/filter.js": "5d3b50c755ec2662015c02004e842a1aa92f1fa7ac4ea98db06122838abfa398",
    "https://deno.land/x/culori@v2.0.3/fixup/alpha.js": "a692026b1396d33248b4e7083cf09e3515a7f81a8b5340d454fab6a63c1f6285",
    "https://deno.land/x/culori@v2.0.3/fixup/hue.js": "4886c0ad004f70b774cc49e7db90c911354e41c56646d048e99bcb9a866abb41",
    "https://deno.land/x/culori@v2.0.3/formatter.js": "f6ee0184d789c586cfe7427b14ff32978a45a8eed9617f471c972b947c098593",
    "https://deno.land/x/culori@v2.0.3/hsi/convertHsiToRgb.js": "06d852aa6a65b37d468ee7b8fd48b4effdeaae7fc83c2fc52f9f152ab1d7ba44",
    "https://deno.land/x/culori@v2.0.3/hsi/convertRgbToHsi.js": "8befe982ef24c02edc25c3cf1422258ee385d88a15a7d1eaff7f29982e8de3e7",
    "https://deno.land/x/culori@v2.0.3/hsi/definition.js": "aa1da4c60eca2f86e963552cc837210bc0e83966ea7f63c35b75b51e1596f0bf",
    "https://deno.land/x/culori@v2.0.3/hsl/convertHslToRgb.js": "53cb36ce0ba28afa70f3fa348c4607bcc268d56320ebe353485816bc3e31efea",
    "https://deno.land/x/culori@v2.0.3/hsl/convertRgbToHsl.js": "f6c9e023cc6341ab7d3ab9105f988019a8478dee5783efd9e56056af71a01dd2",
    "https://deno.land/x/culori@v2.0.3/hsl/definition.js": "4e1b2ba8c63b710222c423f59a23cdf08fd45ca4a8ff8ea1ef2277b233369345",
    "https://deno.land/x/culori@v2.0.3/hsl/parseHsl.js": "5f226462ef38349b35f93ae55a6816b77e64a1de1c646c46c4c48a8cab7add9c",
    "https://deno.land/x/culori@v2.0.3/hsv/convertHsvToRgb.js": "67d710830e835cc173fc310b9fa0ddb86e3aec939a934772d1221a7038900234",
    "https://deno.land/x/culori@v2.0.3/hsv/convertRgbToHsv.js": "10ee4f546aaddaf8cc9cf4575d83c3468d0ffd6e9c424bdac28b8c51fbbcfda8",
    "https://deno.land/x/culori@v2.0.3/hsv/definition.js": "a3fbbd883dcd1f0842e4bc5817de8538451aee1e013a1f65de25d6f1a09e9e53",
    "https://deno.land/x/culori@v2.0.3/hwb/convertHwbToRgb.js": "133b4db03cf896393ee84a04ebac4fb8e5189896b34306c75dce1590793c491a",
    "https://deno.land/x/culori@v2.0.3/hwb/convertRgbToHwb.js": "925ef37b282e8b8e658e0c991c38a36c22711923218347e3fb18e9053fe6b3b2",
    "https://deno.land/x/culori@v2.0.3/hwb/definition.js": "f3e26626e6f4571f19a6c17031b79ddede6551f38fa2c9644b2962ba255e229b",
    "https://deno.land/x/culori@v2.0.3/hwb/parseHwb.js": "b2dc64bc0ff0be4e98c57d020172c98836367f65ecca840a7f3273bd6d296163",
    "https://deno.land/x/culori@v2.0.3/index.js": "94b8df3c79dba3170303ff86b6d9148a9dd3faa727ff9f669f4f908e6e36a4d3",
    "https://deno.land/x/culori@v2.0.3/interpolate/interpolate.js": "65fdd390eaeba8736c2a9fd97a023c45ffa6b67565eedaecad1e7fd6a19648ef",
    "https://deno.land/x/culori@v2.0.3/interpolate/lerp.js": "ae231db736f975b3564490aa2df66a632d0ad83b8e3c257332b97c0d6eef0bb3",
    "https://deno.land/x/culori@v2.0.3/interpolate/linear.js": "94983c54e4ac41dd40c4388daf0ce9175ad79e9c7e854dcc78055d5bce3f831e",
    "https://deno.land/x/culori@v2.0.3/interpolate/piecewise.js": "7025835e769127d6b887fb7a49d3b89de74b3dd0c0ec0fcbe73eaf189e078f16",
    "https://deno.land/x/culori@v2.0.3/interpolate/splineBasis.js": "d3f85835d4b6be975ccbd5bd5614131c89946ef8f5ec64cbb95d00c5c8a823e3",
    "https://deno.land/x/culori@v2.0.3/interpolate/splineMonotone.js": "65254fa8cdd1eb99e4e49619b3258e19908b6be0d14a477214f6485d8cc03f30",
    "https://deno.land/x/culori@v2.0.3/interpolate/splineNatural.js": "05c9d69d92c0d7e557f16e4d55fba84ae2091e862ada96ba12dd690a269ffd9e",
    "https://deno.land/x/culori@v2.0.3/jab/convertJabToRgb.js": "5ed4dbabe2bda56bb863828e7ec560e7401b9019cfaaab409ecef310cd141a3f",
    "https://deno.land/x/culori@v2.0.3/jab/convertJabToXyz65.js": "42d16ddc30445278d05fca28d457d5bd26b46b82903166ebc6b0f69ac99257a8",
    "https://deno.land/x/culori@v2.0.3/jab/convertRgbToJab.js": "7bef0b05af6c35a53cb60b5ddf6a8e918c045381a50f88d6cc21e67a36b1e67d",
    "https://deno.land/x/culori@v2.0.3/jab/convertXyz65ToJab.js": "21e15c7282583defd98ce4114974fd166409cb5301744f7b728bc56dcf309682",
    "https://deno.land/x/culori@v2.0.3/jab/definition.js": "ac3f684f898bde095ac9655c23d030fb03dde26443f13a3e8083949d7d467c7e",
    "https://deno.land/x/culori@v2.0.3/jch/convertJabToJch.js": "c6c3e5a6ba33d5c5587a61f7a6b8f66dac8e8459ce673efccd488352a10258fd",
    "https://deno.land/x/culori@v2.0.3/jch/convertJchToJab.js": "85268793208ad481e4ea86157bd605f79b422a76ca3be1341cc24b7a09bcfd38",
    "https://deno.land/x/culori@v2.0.3/jch/definition.js": "30e5c1e462cbe7ac10562b041782f2719d282dca3f75ac1103a3a0e66dd05f3e",
    "https://deno.land/x/culori@v2.0.3/lab/convertLabToRgb.js": "dafebb8b9078e0ce60cb12adf3783f59e4c1387afe3fb8b92a9378b955102542",
    "https://deno.land/x/culori@v2.0.3/lab/convertLabToXyz50.js": "6ecd5ca5e3e3eaad86d6b5d252aa7831f891e4cb4d26ed8c312bf825e1ec95e8",
    "https://deno.land/x/culori@v2.0.3/lab/convertRgbToLab.js": "d65f4a8ea7a1e5f67583f699b263a188d58f7ffd2663202f9e221e3bdd022f2b",
    "https://deno.land/x/culori@v2.0.3/lab/convertXyz50ToLab.js": "f87f2107887fe64877620aad1b62c7428e5bf9734aba3608d68f3fc2a7d9c344",
    "https://deno.land/x/culori@v2.0.3/lab/definition.js": "f9565fdf6ea2bf92a154ceee5c897dc4228aee07d4a5035116c9c96f90b6abd1",
    "https://deno.land/x/culori@v2.0.3/lab/parseLab.js": "77474b86dfa0656dd071df1ef33c48e1e493969cad8469eaaa0db4a27e37fe93",
    "https://deno.land/x/culori@v2.0.3/lab65/convertLab65ToRgb.js": "df24d0328a8f714fc676a370f22fa7eeb2a149e27f76de67881ef76c56dd1ae0",
    "https://deno.land/x/culori@v2.0.3/lab65/convertLab65ToXyz65.js": "cd1e5e2f83fa53582d743ea7e01bea6019b838e1b02016e3cee1583176afd5d1",
    "https://deno.land/x/culori@v2.0.3/lab65/convertRgbToLab65.js": "6af2df156c12c82a3fd12209aa2d46d44f044a8ab95301e25b92f19775890005",
    "https://deno.land/x/culori@v2.0.3/lab65/convertXyz65ToLab65.js": "eea44802f75767833c00c97563dac3e6dd31f02cd106445f0508478b2157c930",
    "https://deno.land/x/culori@v2.0.3/lab65/definition.js": "3a032ffa357bf60f026313a45fe372d27a2f3457646de191318006f9f088a70a",
    "https://deno.land/x/culori@v2.0.3/lch/convertLabToLch.js": "5ab1f40c11af94c90b5156af31215c1170b31167623409d4c73c84962de9c1c8",
    "https://deno.land/x/culori@v2.0.3/lch/convertLchToLab.js": "934991accc09aebe3e949e3517ead93f88c4574716ccd251db3e7208c98ddf34",
    "https://deno.land/x/culori@v2.0.3/lch/definition.js": "9f2fb126dd4c4386399dc5138658bd3e1cfbf798dce183bd35e95e99087089ab",
    "https://deno.land/x/culori@v2.0.3/lch/parseLch.js": "768ed42b5ce415d7b3e50569704126f2d69caf40432f7d1476a98be3dedf0d1d",
    "https://deno.land/x/culori@v2.0.3/lch65/definition.js": "3808316a670c8582beb26a4f845e52fa1a9c6d4734c6732e09bc3d3f1dd917f6",
    "https://deno.land/x/culori@v2.0.3/lchuv/convertLchuvToLuv.js": "dc6dd80be004ed2540e5b1541f2e9ab8d9c8d2a2e7419acf309807baf1acaf08",
    "https://deno.land/x/culori@v2.0.3/lchuv/convertLuvToLchuv.js": "7a00c8d5d840242422b99455a8eca2710baa72c79250e114338c33986fb0bf26",
    "https://deno.land/x/culori@v2.0.3/lchuv/definition.js": "da48dce5fc82d35199afc959ed6003c832444a2899bcbd9714c980b87820ac6f",
    "https://deno.land/x/culori@v2.0.3/lrgb/convertLrgbToRgb.js": "af19dc8eb1b5c36e06b12c79e16005ae2678fbdeb67af96873d2cf4788cd488d",
    "https://deno.land/x/culori@v2.0.3/lrgb/convertRgbToLrgb.js": "f20b81c2a6a5e5df573ee858ee3e17f06d97ec7965c715d7a174c5ee2ed83af1",
    "https://deno.land/x/culori@v2.0.3/lrgb/definition.js": "8b209f6e876208ed72b8130d42c0ff1a5cc33936f3766258a2279a14973bd057",
    "https://deno.land/x/culori@v2.0.3/luv/convertLuvToXyz50.js": "1ac05cba30a30b6e6833a9cac9a27d41dc157a69ccd765b0060aba04a2f64f4b",
    "https://deno.land/x/culori@v2.0.3/luv/convertXyz50ToLuv.js": "12bdab474cb067d769b91a774cf1a2f9a213525b4f60666eb05a1ca4ed042281",
    "https://deno.land/x/culori@v2.0.3/luv/definition.js": "1846e64782281a7905669d59fbccfaf97597b1df7c130bda6e757fb78202f2bc",
    "https://deno.land/x/culori@v2.0.3/map.js": "b21932c0cb92993c0bf6a3842b547031905ad4e03d5ab7953219425c0387a6f7",
    "https://deno.land/x/culori@v2.0.3/modes.js": "399bf19b6646a46e69727175937e958c0f875ba12fb094c9a073b4814819b978",
    "https://deno.land/x/culori@v2.0.3/nearest.js": "c3f15a088a9e53284819383ee89ca9e1b2d32311ffc87e83006b25fdaa37a763",
    "https://deno.land/x/culori@v2.0.3/okhsl/convertOkhslToOklab.js": "5ed91156ab5b298033de9c092690dc96237d54c208dfe8d60ea645e37f029283",
    "https://deno.land/x/culori@v2.0.3/okhsl/convertOklabToOkhsl.js": "1580c85da97cc19c6fac412f0e10299b903db00ad3b88b79715cef0fa857de5f",
    "https://deno.land/x/culori@v2.0.3/okhsl/helpers.js": "8db6d64fd93e4fca7290ff571c63783358541f8e00ad232723f68b05b51e20f4",
    "https://deno.land/x/culori@v2.0.3/okhsl/modeOkhsl.js": "c99812c944f5f2e45c75b25ec304a74b4ad20f9224c844f46d1d802a95f728d2",
    "https://deno.land/x/culori@v2.0.3/okhsv/convertOkhsvToOklab.js": "e43dbeb529b8bf02cdd4f81733bdf5e7f5bacd6660c6774f01a573a057a320e9",
    "https://deno.land/x/culori@v2.0.3/okhsv/convertOklabToOkhsv.js": "feb718619da2bbbc20535d5e8eee02aacf3884cc5634bad1ee627c6e63557215",
    "https://deno.land/x/culori@v2.0.3/okhsv/modeOkhsv.js": "a4b66569efaea9fa07b53b27f886bc05c78ccdc78adbd5b58ceb313749d6d9a3",
    "https://deno.land/x/culori@v2.0.3/oklab/convertLrgbToOklab.js": "4d84c7e9776eb74e1947217bff0adae9b3e88c47cd979184924e60e1b569272e",
    "https://deno.land/x/culori@v2.0.3/oklab/convertOklabToLrgb.js": "073c6b644ed12305f37c354802e9f23cacccaf69b62f5a5fc77a02a39786ba8f",
    "https://deno.land/x/culori@v2.0.3/oklab/convertOklabToRgb.js": "7ba80fe09140ab4b8dbe0c017f5e80e9323aca0a5ab0419369b2c74391fafcf0",
    "https://deno.land/x/culori@v2.0.3/oklab/convertRgbToOklab.js": "0a2fcbac538afe09e0bee05ea1963fccb4bcc5f3024e160b9250cdcbc1d72996",
    "https://deno.land/x/culori@v2.0.3/oklab/definition.js": "11b40d5467bd238f46f6acf92389a10bad6789f8051b8c8fbc06b26341015e8c",
    "https://deno.land/x/culori@v2.0.3/oklch/definition.js": "15c1b3dc805263e2ca5ec824aa2306194f8948aede5426287dbdb2a380e5941c",
    "https://deno.land/x/culori@v2.0.3/p3/convertP3ToXyz65.js": "636948a6be01e2f980939866c92253adcc5da9f020da68930d2d322d7f020ccd",
    "https://deno.land/x/culori@v2.0.3/p3/convertXyz65ToP3.js": "cf5c725b320a47495355ee9322b3175af44f317f7779def4900dbf6e35519284",
    "https://deno.land/x/culori@v2.0.3/p3/definition.js": "d6e9765d2ce17471f366bcbcecc1c0a5e1e71ed586d312dc6769426e14662e92",
    "https://deno.land/x/culori@v2.0.3/parse.js": "6bc6ed554c39e0669f20184e6e7a5382d51c9560f36969fd87d7d8011e52e0d4",
    "https://deno.land/x/culori@v2.0.3/prophoto/convertProphotoToXyz50.js": "41b004a7628265da8519b460deebfde491fb1967622e7eef3231233170aaaf22",
    "https://deno.land/x/culori@v2.0.3/prophoto/convertXyz50ToProphoto.js": "4b130e65efe33d00ba7b10e30fc087a0796c48ef8c929f44f4c416d8ebe75751",
    "https://deno.land/x/culori@v2.0.3/prophoto/definition.js": "3f85acaeccdad622c33207076118ec9a2eae763441f505a452f88516e1e19916",
    "https://deno.land/x/culori@v2.0.3/random.js": "6d6e2c9abf50df0991e96a6882da2a7554e8e91ecb0dfe17ee801dbc9064625e",
    "https://deno.land/x/culori@v2.0.3/rec2020/convertRec2020ToXyz65.js": "b5eb36c75be089edbc2510c3241090820c984153f4cca2031c27eb1704081dec",
    "https://deno.land/x/culori@v2.0.3/rec2020/convertXyz65ToRec2020.js": "4ca361780cf122ec7fa62716ec34b0319f5ebe8422c21d92b82d89a38571cfba",
    "https://deno.land/x/culori@v2.0.3/rec2020/definition.js": "3674ef5146694ec4d962354ab5473dd46fb35cea405a9668534e21b9a86e89a8",
    "https://deno.land/x/culori@v2.0.3/rgb/definition.js": "43c94d8b03dd7415ce4692a4d6151fb27f76660cc04d350d150373f25a7ae8af",
    "https://deno.land/x/culori@v2.0.3/rgb/parseHex.js": "83381e2bd2780ace3b221568f28c8ad3e660d4294a37689683543ff839569a17",
    "https://deno.land/x/culori@v2.0.3/rgb/parseNamed.js": "514b8aaa6cf8f2bb4545b303dff998731f82fe370c831d486829d1c15031f511",
    "https://deno.land/x/culori@v2.0.3/rgb/parseNumber.js": "aa44d80a9a5ca861f10e50ce0fc56fa61d111c065178e632e6adbeb13341bcc0",
    "https://deno.land/x/culori@v2.0.3/rgb/parseRgb.js": "86050f46d83bba95b0725d588bfbd75090fa7260cd71d95fff10bec3ef6d0453",
    "https://deno.land/x/culori@v2.0.3/rgb/parseTransparent.js": "8dd88b141560dbd4f3a589ab019408a7729309ba103835879758064a6286c1e8",
    "https://deno.land/x/culori@v2.0.3/round.js": "45c7f51db3aee254a7088f02d0526e47fec88ffafab848f35ae6753335542cab",
    "https://deno.land/x/culori@v2.0.3/samples.js": "07a855f0c375d0d4a0a719acec9d1c08d1f5f00aa3cf79e6a430a47808d71edf",
    "https://deno.land/x/culori@v2.0.3/util/hue.js": "5604de759192a99fce9b77e9d9c0b416b284115084b38e09a742c8f171e7b1e8",
    "https://deno.land/x/culori@v2.0.3/util/lerp.js": "4ad5678248ab307a5a2f34be3720082c4789657992db3bd40435b643ca60d575",
    "https://deno.land/x/culori@v2.0.3/util/normalizeHue.js": "e16b21006690bed7cde358e3f878146a3d2cfeef286bf1c6bbd1646f460333f1",
    "https://deno.land/x/culori@v2.0.3/util/normalizePositions.js": "22345c0a11a708adc6f72cf2762094ddb1c4e59ebb11e399880b859447e4deb2",
    "https://deno.land/x/culori@v2.0.3/util/regex.js": "9cbf8867cb3363703d868eeb7d2a218b57f2a83eca990652da37804e89ecee91",
    "https://deno.land/x/culori@v2.0.3/wcag.js": "46ce67c9e37ae67c2fcf1c4b9480af56b534ef2f69fcc950f9e894333426f498",
    "https://deno.land/x/culori@v2.0.3/xyz50/constants.js": "dc659c84ca026b8347224d8e9d00dd77e34728d1886744683012f2d6693b036f",
    "https://deno.land/x/culori@v2.0.3/xyz50/convertRgbToXyz50.js": "0b0af369bf45603c2008045319c1462c0226c7f6727be614dc0bd6994bdb05e6",
    "https://deno.land/x/culori@v2.0.3/xyz50/convertXyz50ToRgb.js": "1e38bae69c3868466cc7a7c1fd924f8add89ae30d7335769fc4952418a21eea8",
    "https://deno.land/x/culori@v2.0.3/xyz50/definition.js": "0460a6147425d973e9e47f1b3d3762a793f89790ad26f88c9e2b62eed019d420",
    "https://deno.land/x/culori@v2.0.3/xyz65/constants.js": "02dcd99000c3476decc0c7084a12128e973f6f29f2ab84935e089bad0b9bf3df",
    "https://deno.land/x/culori@v2.0.3/xyz65/convertRgbToXyz65.js": "bcd726cd5fd14a42bdaeb0747f3e26d67eba96a841c639b70a8017509e190b14",
    "https://deno.land/x/culori@v2.0.3/xyz65/convertXyz50ToXyz65.js": "af6cc0a1aa27dfc0690b9f84e1ca1dc74431911a3467242d97c059268d670ef0",
    "https://deno.land/x/culori@v2.0.3/xyz65/convertXyz65ToRgb.js": "167e99a8d74ec8aaf551e7cb3edf41691da26cf388bd4a8417880a96b86be5ea",
    "https://deno.land/x/culori@v2.0.3/xyz65/convertXyz65ToXyz50.js": "1e4df55a234c1edd49862a85bf0696b6d7556899018054108af11fc9ceb4c300",
    "https://deno.land/x/culori@v2.0.3/xyz65/definition.js": "73e89e170f843ab100539898b49a719af15722e0a1cfdabbdc1df545fe928376",
    "https://deno.land/x/culori@v2.0.3/yiq/convertRgbToYiq.js": "ef01d2214863dcfc881db720d5c7f73284d9c72c245948748f5696493d2a867f",
    "https://deno.land/x/culori@v2.0.3/yiq/convertYiqToRgb.js": "eb15479a9bdc897f4d222f6b1bf4f122b6a3d3242833f0c4444f20938c36f823",
    "https://deno.land/x/culori@v2.0.3/yiq/definition.js": "f904965a282eeb404f81b111213f8d549c620bd8958c5022e6cac0104708bbbc",
    "https://deno.land/x/open@v0.0.2/index.ts": "c8893aa919f6cc726d007911430a4e7bf378dba0c7859befe5d264d68917f8ed",
    "https://deno.land/x/zod@v3.21.4/ZodError.ts": "4de18ff525e75a0315f2c12066b77b5c2ae18c7c15ef7df7e165d63536fdf2ea",
    "https://deno.land/x/zod@v3.21.4/errors.ts": "5285922d2be9700cc0c70c95e4858952b07ae193aa0224be3cbd5cd5567eabef",
    "https://deno.land/x/zod@v3.21.4/external.ts": "a6cfbd61e9e097d5f42f8a7ed6f92f93f51ff927d29c9fbaec04f03cbce130fe",
    "https://deno.land/x/zod@v3.21.4/helpers/enumUtil.ts": "54efc393cc9860e687d8b81ff52e980def00fa67377ad0bf8b3104f8a5bf698c",
    "https://deno.land/x/zod@v3.21.4/helpers/errorUtil.ts": "7a77328240be7b847af6de9189963bd9f79cab32bbc61502a9db4fe6683e2ea7",
    "https://deno.land/x/zod@v3.21.4/helpers/parseUtil.ts": "51a76c126ee212be86013d53a9d07f87e9ae04bb1496f2558e61b62cb74a6aa8",
    "https://deno.land/x/zod@v3.21.4/helpers/partialUtil.ts": "998c2fe79795257d4d1cf10361e74492f3b7d852f61057c7c08ac0a46488b7e7",
    "https://deno.land/x/zod@v3.21.4/helpers/typeAliases.ts": "0fda31a063c6736fc3cf9090dd94865c811dfff4f3cb8707b932bf937c6f2c3e",
    "https://deno.land/x/zod@v3.21.4/helpers/util.ts": "8baf19b19b2fca8424380367b90364b32503b6b71780269a6e3e67700bb02774",
    "https://deno.land/x/zod@v3.21.4/index.ts": "d27aabd973613985574bc31f39e45cb5d856aa122ef094a9f38a463b8ef1a268",
    "https://deno.land/x/zod@v3.21.4/locales/en.ts": "a7a25cd23563ccb5e0eed214d9b31846305ddbcdb9c5c8f508b108943366ab4c",
    "https://deno.land/x/zod@v3.21.4/mod.ts": "64e55237cb4410e17d968cd08975566059f27638ebb0b86048031b987ba251c4",
    "https://deno.land/x/zod@v3.21.4/types.ts": "b5d061babea250de14fc63764df5b3afa24f2b088a1d797fc060ba49a0ddff28",
    "https://esm.sh/@detachhead/ts-helpers@9.0.0-9b4a478c3a63affa1f7f29aeabc2e5f76583ddfc/dist/utilityFunctions/misc": "185df1bd74892ab8f0291a63a9f8deb353297d72ac341fdac75edf491a1cbadc",
    "https://esm.sh/v128/@detachhead/ts-helpers@9.0.0-9b4a478c3a63affa1f7f29aeabc2e5f76583ddfc/denonext/dist/utilityFunctions/misc.js": "a2f0e1d8c19f89c244cc6897d211553a789e26039ba0894ac7c932983c36a583",
    "https://esm.sh/v128/ci-info@2.0.0/denonext/ci-info.mjs": "7c8cb34936ff47bc07502eac32666714b4d83adaf75cb951297dd8daf80efd7a",
    "https://esm.sh/v128/is-ci@2.0.0/denonext/is-ci.mjs": "0f3f7fecc5b8be6780ea51ce3887520b8b78d9e951fbdcf72bf3b9bfee9b1dfa",
    "https://esm.sh/v128/throw-expression@1.0.2/denonext/throw-expression.mjs": "32b29b149743a9ad54fe44eb460f84c5760b2e28b8d913ef31f0d425929861f5"
  },
  "npm": {
    "specifiers": {
      "@types/node": "@types/node@18.16.19"
    },
    "packages": {
      "@types/node@18.16.19": {
        "integrity": "sha512-IXl7o+R9iti9eBW4Wg2hx1xQDig183jj7YLn8F7udNceyfkbn1ZxmzZXuak20gR40D7pIkIY1kYGx5VIGbaHKA==",
        "dependencies": {}
      }
    }
  }
}
